
Microsoft Visual Studio Solution File, Format Version 12.00
# Visual Studio Version 17
VisualStudioVersion = 17.1.32407.343
MinimumVisualStudioVersion = 15.0.26124.0
Project("{9A19103F-16F7-4668-BE54-9A1E7A4F7556}") = "SunshineTaiyou", "SunshineTaiyou\SunshineTaiyou.csproj", "{91163093-3D58-4364-9FC2-6BBA50275869}"
EndProject
Global
	GlobalSection(SolutionConfigurationPlatforms) = preSolution
		Debug|Any CPU = Debug|Any CPU
		Debug|x64 = Debug|x64
		Debug|x86 = Debug|x86
		Release|Any CPU = Release|Any CPU
		Release|x64 = Release|x64
		Release|x86 = Release|x86
	EndGlobalSection
	GlobalSection(ProjectConfigurationPlatforms) = postSolution
		{91163093-3D58-4364-9FC2-6BBA50275869}.Debug|Any CPU.ActiveCfg = Debug|Any CPU
		{91163093-3D58-4364-9FC2-6BBA50275869}.Debug|Any CPU.Build.0 = Debug|Any CPU
		{91163093-3D58-4364-9FC2-6BBA50275869}.Debug|x64.ActiveCfg = Debug|Any CPU
		{91163093-3D58-4364-9FC2-6BBA50275869}.Debug|x64.Build.0 = Debug|Any CPU
		{91163093-3D58-4364-9FC2-6BBA50275869}.Debug|x86.ActiveCfg = Debug|Any CPU
		{91163093-3D58-4364-9FC2-6BBA50275869}.Debug|x86.Build.0 = Debug|Any CPU
		{91163093-3D58-4364-9FC2-6BBA50275869}.Release|Any CPU.ActiveCfg = Release|Any CPU
		{91163093-3D58-4364-9FC2-6BBA50275869}.Release|Any CPU.Build.0 = Release|Any CPU
		{91163093-3D58-4364-9FC2-6BBA50275869}.Release|x64.ActiveCfg = Release|Any CPU
		{91163093-3D58-4364-9FC2-6BBA50275869}.Release|x64.Build.0 = Release|Any CPU
		{91163093-3D58-4364-9FC2-6BBA50275869}.Release|x86.ActiveCfg = Release|Any CPU
		{91163093-3D58-4364-9FC2-6BBA50275869}.Release|x86.Build.0 = Release|Any CPU
	EndGlobalSection
	GlobalSection(SolutionProperties) = preSolution
		HideSolutionNode = FALSE
	EndGlobalSection
	GlobalSection(ExtensibilityGlobals) = postSolution
		SolutionGuid = {FA36BED1-5269-42B3-BC43-52E85D17C9EC}
	EndGlobalSection
EndGlobal
